
Microsoft Visual Studio Solution File, Format Version 12.00
# Visual Studio Version 17
VisualStudioVersion = 17.8.34316.72
MinimumVisualStudioVersion = 10.0.40219.1
Project("{FAE04EC0-301F-11D3-BF4B-00C04F79EFBC}") = "PhoneBookCrudFile", "PhoneBookCrudFile\PhoneBookCrudFile.csproj", "{B4A51514-E835-4EFF-9733-D443E5618568}"
EndProject
Global
	GlobalSection(SolutionConfigurationPlatforms) = preSolution
		Debug|Any CPU = Debug|Any CPU
		Release|Any CPU = Release|Any CPU
	EndGlobalSection
	GlobalSection(ProjectConfigurationPlatforms) = postSolution
		{B4A51514-E835-4EFF-9733-D443E5618568}.Debug|Any CPU.ActiveCfg = Debug|Any CPU
		{B4A51514-E835-4EFF-9733-D443E5618568}.Debug|Any CPU.Build.0 = Debug|Any CPU
		{B4A51514-E835-4EFF-9733-D443E5618568}.Release|Any CPU.ActiveCfg = Release|Any CPU
		{B4A51514-E835-4EFF-9733-D443E5618568}.Release|Any CPU.Build.0 = Release|Any CPU
	EndGlobalSection
	GlobalSection(SolutionProperties) = preSolution
		HideSolutionNode = FALSE
	EndGlobalSection
	GlobalSection(ExtensibilityGlobals) = postSolution
		SolutionGuid = {B3DDB8B1-7442-48E1-A8CB-91E43D07C33C}
	EndGlobalSection
EndGlobal
